
Microsoft Visual Studio Solution File, Format Version 12.00
# Visual Studio 15
VisualStudioVersion = 15.0.28010.2003
MinimumVisualStudioVersion = 10.0.40219.1
Project("{FAE04EC0-301F-11D3-BF4B-00C04F79EFBC}") = "WebApplication1", "WebApplication1\WebApplication1.csproj", "{5B66B3AA-F469-4E6E-90A0-FE6ABDAEB86E}"
EndProject
Global
	GlobalSection(SolutionConfigurationPlatforms) = preSolution
		Debug|Any CPU = Debug|Any CPU
		Release|Any CPU = Release|Any CPU
	EndGlobalSection
	GlobalSection(ProjectConfigurationPlatforms) = postSolution
		{5B66B3AA-F469-4E6E-90A0-FE6ABDAEB86E}.Debug|Any CPU.ActiveCfg = Debug|Any CPU
		{5B66B3AA-F469-4E6E-90A0-FE6ABDAEB86E}.Debug|Any CPU.Build.0 = Debug|Any CPU
		{5B66B3AA-F469-4E6E-90A0-FE6ABDAEB86E}.Release|Any CPU.ActiveCfg = Release|Any CPU
		{5B66B3AA-F469-4E6E-90A0-FE6ABDAEB86E}.Release|Any CPU.Build.0 = Release|Any CPU
	EndGlobalSection
	GlobalSection(SolutionProperties) = preSolution
		HideSolutionNode = FALSE
	EndGlobalSection
	GlobalSection(ExtensibilityGlobals) = postSolution
		SolutionGuid = {281CB14A-8DDD-4188-AFA6-FE8CE85047A9}
	EndGlobalSection
EndGlobal
